
Microsoft Visual Studio Solution File, Format Version 12.00
# Visual Studio Version 17
VisualStudioVersion = 17.9.34607.119
MinimumVisualStudioVersion = 10.0.40219.1
Project("{9A19103F-16F7-4668-BE54-9A1E7A4F7556}") = "RollenRechten_POC", "RollenRechten_POC\RollenRechten_POC.csproj", "{2D221561-8447-474A-817F-850F2149391D}"
EndProject
Global
	GlobalSection(SolutionConfigurationPlatforms) = preSolution
		Debug|Any CPU = Debug|Any CPU
		Release|Any CPU = Release|Any CPU
	EndGlobalSection
	GlobalSection(ProjectConfigurationPlatforms) = postSolution
		{2D221561-8447-474A-817F-850F2149391D}.Debug|Any CPU.ActiveCfg = Debug|Any CPU
		{2D221561-8447-474A-817F-850F2149391D}.Debug|Any CPU.Build.0 = Debug|Any CPU
		{2D221561-8447-474A-817F-850F2149391D}.Release|Any CPU.ActiveCfg = Release|Any CPU
		{2D221561-8447-474A-817F-850F2149391D}.Release|Any CPU.Build.0 = Release|Any CPU
	EndGlobalSection
	GlobalSection(SolutionProperties) = preSolution
		HideSolutionNode = FALSE
	EndGlobalSection
	GlobalSection(ExtensibilityGlobals) = postSolution
		SolutionGuid = {ECAB372A-FB4B-4048-9966-227CA9EB396D}
	EndGlobalSection
EndGlobal
